
Microsoft Visual Studio Solution File, Format Version 12.00
# Visual Studio 15
VisualStudioVersion = 15.0.27703.2026
MinimumVisualStudioVersion = 10.0.40219.1
Project("{FAE04EC0-301F-11D3-BF4B-00C04F79EFBC}") = "rabbitmq", "rabbitmq\rabbitmq.csproj", "{B911355E-2396-4E0E-868E-AD1181423003}"
EndProject
Project("{FAE04EC0-301F-11D3-BF4B-00C04F79EFBC}") = "clientconsole", "clientconsole\clientconsole.csproj", "{913A78DE-B936-45B5-913E-11AE00D5266B}"
EndProject
Global
	GlobalSection(SolutionConfigurationPlatforms) = preSolution
		Debug|Any CPU = Debug|Any CPU
		Release|Any CPU = Release|Any CPU
	EndGlobalSection
	GlobalSection(ProjectConfigurationPlatforms) = postSolution
		{B911355E-2396-4E0E-868E-AD1181423003}.Debug|Any CPU.ActiveCfg = Debug|Any CPU
		{B911355E-2396-4E0E-868E-AD1181423003}.Debug|Any CPU.Build.0 = Debug|Any CPU
		{B911355E-2396-4E0E-868E-AD1181423003}.Release|Any CPU.ActiveCfg = Release|Any CPU
		{B911355E-2396-4E0E-868E-AD1181423003}.Release|Any CPU.Build.0 = Release|Any CPU
		{913A78DE-B936-45B5-913E-11AE00D5266B}.Debug|Any CPU.ActiveCfg = Debug|Any CPU
		{913A78DE-B936-45B5-913E-11AE00D5266B}.Debug|Any CPU.Build.0 = Debug|Any CPU
		{913A78DE-B936-45B5-913E-11AE00D5266B}.Release|Any CPU.ActiveCfg = Release|Any CPU
		{913A78DE-B936-45B5-913E-11AE00D5266B}.Release|Any CPU.Build.0 = Release|Any CPU
	EndGlobalSection
	GlobalSection(SolutionProperties) = preSolution
		HideSolutionNode = FALSE
	EndGlobalSection
	GlobalSection(ExtensibilityGlobals) = postSolution
		SolutionGuid = {196DD61B-029F-4346-A325-F7CCEFC50820}
	EndGlobalSection
EndGlobal
